
Microsoft Visual Studio Solution File, Format Version 12.00
# Visual Studio Version 16
VisualStudioVersion = 16.0.29920.165
MinimumVisualStudioVersion = 10.0.40219.1
Project("{FAE04EC0-301F-11D3-BF4B-00C04F79EFBC}") = "WebDriversGenerator", "WebDriversGenerator\WebDriversGenerator.csproj", "{13E52152-9CC1-4B18-9BB1-71330EC40DFE}"
EndProject
Global
	GlobalSection(SolutionConfigurationPlatforms) = preSolution
		Debug|Any CPU = Debug|Any CPU
		Release|Any CPU = Release|Any CPU
	EndGlobalSection
	GlobalSection(ProjectConfigurationPlatforms) = postSolution
		{13E52152-9CC1-4B18-9BB1-71330EC40DFE}.Debug|Any CPU.ActiveCfg = Debug|Any CPU
		{13E52152-9CC1-4B18-9BB1-71330EC40DFE}.Debug|Any CPU.Build.0 = Debug|Any CPU
		{13E52152-9CC1-4B18-9BB1-71330EC40DFE}.Release|Any CPU.ActiveCfg = Release|Any CPU
		{13E52152-9CC1-4B18-9BB1-71330EC40DFE}.Release|Any CPU.Build.0 = Release|Any CPU
	EndGlobalSection
	GlobalSection(SolutionProperties) = preSolution
		HideSolutionNode = FALSE
	EndGlobalSection
	GlobalSection(ExtensibilityGlobals) = postSolution
		SolutionGuid = {DA25BA17-F141-4DF8-A679-1A1929DD39CF}
	EndGlobalSection
EndGlobal
